{
  "name": "sdl-mbt",
  "lockfileVersion": 3,
  "requires": true,
  "packages": {
    "": {
      "name": "sdl-mbt",
      "devDependencies": {
        "moonbit-bindgen": "github:klaseca/moonbit-bindgen#cc5247816ddc8d014aed358fc87b52e3fd6dda36"
      },
      "engines": {
        "node": ">=24.18.0"
      }
    },
    "node_modules/moonbit-bindgen": {
      "resolved": "git+ssh://git@github.com/klaseca/moonbit-bindgen.git#cc5247816ddc8d014aed358fc87b52e3fd6dda36",
      "integrity": "sha512-vPAJQFJ11eMfOqaIzKrb1ITrJtZMEzdYqFDSu51LWFNgIkMNgCJ0+lnKcNCi/dbKVMMJN0l1ZGd3N1v3G5vpgA==",
      "dev": true,
      "engines": {
        "node": ">=24.18.0"
      }
    }
  }
}
